// !$*UTF8*$!
{
	archiveVersion = 1;
	classes = {
	};
	objectVersion = 55;
	objects = {

/* Begin PBXBuildFile section */
		0BEB9008276A985200681141 /* DogFactsApp.swift in Sources */ = {isa = PBXBuildFile; fileRef = 0BEB9007276A985200681141 /* DogFactsApp.swift */; };
		0BEB900A276A985200681141 /* ContentView.swift in Sources */ = {isa = PBXBuildFile; fileRef = 0BEB9009276A985200681141 /* ContentView.swift */; };
		0BEB900C276A985300681141 /* Assets.xcassets in Resources */ = {isa = PBXBuildFile; fileRef = 0BEB900B276A985300681141 /* Assets.xcassets */; };
		0BEB900F276A985300681141 /* Preview Assets.xcassets in Resources */ = {isa = PBXBuildFile; fileRef = 0BEB900E276A985300681141 /* Preview Assets.xcassets */; };
		0BEB9016276A9E7C00681141 /* FactModel.swift in Sources */ = {isa = PBXBuildFile; fileRef = 0BEB9015276A9E7C00681141 /* FactModel.swift */; };
		0BEB9018276AA28F00681141 /* DownloadModel.swift in Sources */ = {isa = PBXBuildFile; fileRef = 0BEB9017276AA28F00681141 /* DownloadModel.swift */; };
		0BFE219A276C3E6F0093EFC2 /* CatFactModel.swift in Sources */ = {isa = PBXBuildFile; fileRef = 0BFE2199276C3E6F0093EFC2 /* CatFactModel.swift */; };
		0BFE219C276C3E9C0093EFC2 /* CatDownloadModel.swift in Sources */ = {isa = PBXBuildFile; fileRef = 0BFE219B276C3E9C0093EFC2 /* CatDownloadModel.swift */; };
		0BFE21A0276C46BA0093EFC2 /* DogImageModel.swift in Sources */ = {isa = PBXBuildFile; fileRef = 0BFE219F276C46BA0093EFC2 /* DogImageModel.swift */; };
		0BFE21A2276C47010093EFC2 /* DogImageDownloadModel.swift in Sources */ = {isa = PBXBuildFile; fileRef = 0BFE21A1276C47010093EFC2 /* DogImageDownloadModel.swift */; };
		0BFE21A8276D16A00093EFC2 /* CatView.swift in Sources */ = {isa = PBXBuildFile; fileRef = 0BFE21A7276D16A00093EFC2 /* CatView.swift */; };
/* End PBXBuildFile section */

/* Begin PBXFileReference section */
		0BEB9004276A985200681141 /* DogFacts.app */ = {isa = PBXFileReference; explicitFileType = wrapper.application; includeInIndex = 0; path = DogFacts.app; sourceTree = BUILT_PRODUCTS_DIR; };
		0BEB9007276A985200681141 /* DogFactsApp.swift */ = {isa = PBXFileReference; lastKnownFileType = sourcecode.swift; path = DogFactsApp.swift; sourceTree = "<group>"; };
		0BEB9009276A985200681141 /* ContentView.swift */ = {isa = PBXFileReference; lastKnownFileType = sourcecode.swift; path = ContentView.swift; sourceTree = "<group>"; };
		0BEB900B276A985300681141 /* Assets.xcassets */ = {isa = PBXFileReference; lastKnownFileType = folder.assetcatalog; path = Assets.xcassets; sourceTree = "<group>"; };
		0BEB900E276A985300681141 /* Preview Assets.xcassets */ = {isa = PBXFileReference; lastKnownFileType = folder.assetcatalog; path = "Preview Assets.xcassets"; sourceTree = "<group>"; };
		0BEB9015276A9E7C00681141 /* FactModel.swift */ = {isa = PBXFileReference; lastKnownFileType = sourcecode.swift; path = FactModel.swift; sourceTree = "<group>"; };
		0BEB9017276AA28F00681141 /* DownloadModel.swift */ = {isa = PBXFileReference; lastKnownFileType = sourcecode.swift; path = DownloadModel.swift; sourceTree = "<group>"; };
		0BFE2199276C3E6F0093EFC2 /* CatFactModel.swift */ = {isa = PBXFileReference; lastKnownFileType = sourcecode.swift; path = CatFactModel.swift; sourceTree = "<group>"; };
		0BFE219B276C3E9C0093EFC2 /* CatDownloadModel.swift */ = {isa = PBXFileReference; lastKnownFileType = sourcecode.swift; path = CatDownloadModel.swift; sourceTree = "<group>"; };
		0BFE219F276C46BA0093EFC2 /* DogImageModel.swift */ = {isa = PBXFileReference; lastKnownFileType = sourcecode.swift; path = DogImageModel.swift; sourceTree = "<group>"; };
		0BFE21A1276C47010093EFC2 /* DogImageDownloadModel.swift */ = {isa = PBXFileReference; lastKnownFileType = sourcecode.swift; path = DogImageDownloadModel.swift; sourceTree = "<group>"; };
		0BFE21A7276D16A00093EFC2 /* CatView.swift */ = {isa = PBXFileReference; lastKnownFileType = sourcecode.swift; path = CatView.swift; sourceTree = "<group>"; };
/* End PBXFileReference section */

/* Begin PBXFrameworksBuildPhase section */
		0BEB9001276A985200681141 /* Frameworks */ = {
			isa = PBXFrameworksBuildPhase;
			buildActionMask = 2147483647;
			files = (
			);
			runOnlyForDeploymentPostprocessing = 0;
		};
/* End PBXFrameworksBuildPhase section */

/* Begin PBXGroup section */
		0BEB8FFB276A985200681141 = {
			isa = PBXGroup;
			children = (
				0BEB9006276A985200681141 /* DogFacts */,
				0BEB9005276A985200681141 /* Products */,
			);
			sourceTree = "<group>";
		};
		0BEB9005276A985200681141 /* Products */ = {
			isa = PBXGroup;
			children = (
				0BEB9004276A985200681141 /* DogFacts.app */,
			);
			name = Products;
			sourceTree = "<group>";
		};
		0BEB9006276A985200681141 /* DogFacts */ = {
			isa = PBXGroup;
			children = (
				0BFE21A6276D167A0093EFC2 /* View */,
				0BFE21A5276D16610093EFC2 /* Model */,
				0BEB9007276A985200681141 /* DogFactsApp.swift */,
				0BEB900B276A985300681141 /* Assets.xcassets */,
				0BEB900D276A985300681141 /* Preview Content */,
			);
			path = DogFacts;
			sourceTree = "<group>";
		};
		0BEB900D276A985300681141 /* Preview Content */ = {
			isa = PBXGroup;
			children = (
				0BEB900E276A985300681141 /* Preview Assets.xcassets */,
			);
			path = "Preview Content";
			sourceTree = "<group>";
		};
		0BFE21A5276D16610093EFC2 /* Model */ = {
			isa = PBXGroup;
			children = (
				0BEB9015276A9E7C00681141 /* FactModel.swift */,
				0BFE2199276C3E6F0093EFC2 /* CatFactModel.swift */,
				0BFE219F276C46BA0093EFC2 /* DogImageModel.swift */,
				0BFE21A1276C47010093EFC2 /* DogImageDownloadModel.swift */,
				0BFE219B276C3E9C0093EFC2 /* CatDownloadModel.swift */,
				0BEB9017276AA28F00681141 /* DownloadModel.swift */,
			);
			path = Model;
			sourceTree = "<group>";
		};
		0BFE21A6276D167A0093EFC2 /* View */ = {
			isa = PBXGroup;
			children = (
				0BEB9009276A985200681141 /* ContentView.swift */,
				0BFE21A7276D16A00093EFC2 /* CatView.swift */,
			);
			path = View;
			sourceTree = "<group>";
		};
/* End PBXGroup section */

/* Begin PBXNativeTarget section */
		0BEB9003276A985200681141 /* DogFacts */ = {
			isa = PBXNativeTarget;
			buildConfigurationList = 0BEB9012276A985300681141 /* Build configuration list for PBXNativeTarget "DogFacts" */;
			buildPhases = (
				0BEB9000276A985200681141 /* Sources */,
				0BEB9001276A985200681141 /* Frameworks */,
				0BEB9002276A985200681141 /* Resources */,
			);
			buildRules = (
			);
			dependencies = (
			);
			name = DogFacts;
			productName = DogFacts;
			productReference = 0BEB9004276A985200681141 /* DogFacts.app */;
			productType = "com.apple.product-type.application";
		};
/* End PBXNativeTarget section */

/* Begin PBXProject section */
		0BEB8FFC276A985200681141 /* Project object */ = {
			isa = PBXProject;
			attributes = {
				BuildIndependentTargetsInParallel = 1;
				LastSwiftUpdateCheck = 1310;
				LastUpgradeCheck = 1310;
				TargetAttributes = {
					0BEB9003276A985200681141 = {
						CreatedOnToolsVersion = 13.1;
					};
				};
			};
			buildConfigurationList = 0BEB8FFF276A985200681141 /* Build configuration list for PBXProject "DogFacts" */;
			compatibilityVersion = "Xcode 13.0";
			developmentRegion = en;
			hasScannedForEncodings = 0;
			knownRegions = (
				en,
				Base,
			);
			mainGroup = 0BEB8FFB276A985200681141;
			productRefGroup = 0BEB9005276A985200681141 /* Products */;
			projectDirPath = "";
			projectRoot = "";
			targets = (
				0BEB9003276A985200681141 /* DogFacts */,
			);
		};
/* End PBXProject section */

/* Begin PBXResourcesBuildPhase section */
		0BEB9002276A985200681141 /* Resources */ = {
			isa = PBXResourcesBuildPhase;
			buildActionMask = 2147483647;
			files = (
				0BEB900F276A985300681141 /* Preview Assets.xcassets in Resources */,
				0BEB900C276A985300681141 /* Assets.xcassets in Resources */,
			);
			runOnlyForDeploymentPostprocessing = 0;
		};
/* End PBXResourcesBuildPhase section */

/* Begin PBXSourcesBuildPhase section */
		0BEB9000276A985200681141 /* Sources */ = {
			isa = PBXSourcesBuildPhase;
			buildActionMask = 2147483647;
			files = (
				0BFE219C276C3E9C0093EFC2 /* CatDownloadModel.swift in Sources */,
				0BFE21A0276C46BA0093EFC2 /* DogImageModel.swift in Sources */,
				0BFE21A8276D16A00093EFC2 /* CatView.swift in Sources */,
				0BEB9016276A9E7C00681141 /* FactModel.swift in Sources */,
				0BEB900A276A985200681141 /* ContentView.swift in Sources */,
				0BFE21A2276C47010093EFC2 /* DogImageDownloadModel.swift in Sources */,
				0BEB9008276A985200681141 /* DogFactsApp.swift in Sources */,
				0BEB9018276AA28F00681141 /* DownloadModel.swift in Sources */,
				0BFE219A276C3E6F0093EFC2 /* CatFactModel.swift in Sources */,
			);
			runOnlyForDeploymentPostprocessing = 0;
		};
/* End PBXSourcesBuildPhase section */

/* Begin XCBuildConfiguration section */
		0BEB9010276A985300681141 /* Debug */ = {
			isa = XCBuildConfiguration;
			buildSettings = {
				ALWAYS_SEARCH_USER_PATHS = NO;
				CLANG_ANALYZER_NONNULL = YES;
				CLANG_ANALYZER_NUMBER_OBJECT_CONVERSION = YES_AGGRESSIVE;
				CLANG_CXX_LANGUAGE_STANDARD = "gnu++17";
				CLANG_CXX_LIBRARY = "libc++";
				CLANG_ENABLE_MODULES = YES;
				CLANG_ENABLE_OBJC_ARC = YES;
				CLANG_ENABLE_OBJC_WEAK = YES;
				CLANG_WARN_BLOCK_CAPTURE_AUTORELEASING = YES;
				CLANG_WARN_BOOL_CONVERSION = YES;
				CLANG_WARN_COMMA = YES;
				CLANG_WARN_CONSTANT_CONVERSION = YES;
				CLANG_WARN_DEPRECATED_OBJC_IMPLEMENTATIONS = YES;
				CLANG_WARN_DIRECT_OBJC_ISA_USAGE = YES_ERROR;
				CLANG_WARN_DOCUMENTATION_COMMENTS = YES;
				CLANG_WARN_EMPTY_BODY = YES;
				CLANG_WARN_ENUM_CONVERSION = YES;
				CLANG_WARN_INFINITE_RECURSION = YES;
				CLANG_WARN_INT_CONVERSION = YES;
				CLANG_WARN_NON_LITERAL_NULL_CONVERSION = YES;
				CLANG_WARN_OBJC_IMPLICIT_RETAIN_SELF = YES;
				CLANG_WARN_OBJC_LITERAL_CONVERSION = YES;
				CLANG_WARN_OBJC_ROOT_CLASS = YES_ERROR;
				CLANG_WARN_QUOTED_INCLUDE_IN_FRAMEWORK_HEADER = YES;
				CLANG_WARN_RANGE_LOOP_ANALYSIS = YES;
				CLANG_WARN_STRICT_PROTOTYPES = YES;
				CLANG_WARN_SUSPICIOUS_MOVE = YES;
				CLANG_WARN_UNGUARDED_AVAILABILITY = YES_AGGRESSIVE;
				CLANG_WARN_UNREACHABLE_CODE = YES;
				CLANG_WARN__DUPLICATE_METHOD_MATCH = YES;
				COPY_PHASE_STRIP = NO;
				DEBUG_INFORMATION_FORMAT = dwarf;
				ENABLE_STRICT_OBJC_MSGSEND = YES;
				ENABLE_TESTABILITY = YES;
				GCC_C_LANGUAGE_STANDARD = gnu11;
				GCC_DYNAMIC_NO_PIC = NO;
				GCC_NO_COMMON_BLOCKS = YES;
				GCC_OPTIMIZATION_LEVEL = 0;
				GCC_PREPROCESSOR_DEFINITIONS = (
					"DEBUG=1",
					"$(inherited)",
				);
				GCC_WARN_64_TO_32_BIT_CONVERSION = YES;
				GCC_WARN_ABOUT_RETURN_TYPE = YES_ERROR;
				GCC_WARN_UNDECLARED_SELECTOR = YES;
				GCC_WARN_UNINITIALIZED_AUTOS = YES_AGGRESSIVE;
				GCC_WARN_UNUSED_FUNCTION = YES;
				GCC_WARN_UNUSED_VARIABLE = YES;
				IPHONEOS_DEPLOYMENT_TARGET = 15.0;
				MTL_ENABLE_DEBUG_INFO = INCLUDE_SOURCE;
				MTL_FAST_MATH = YES;
				ONLY_ACTIVE_ARCH = YES;
				SDKROOT = iphoneos;
				SWIFT_ACTIVE_COMPILATION_CONDITIONS = DEBUG;
				SWIFT_OPTIMIZATION_LEVEL = "-Onone";
			};
			name = Debug;
		};
		0BEB9011276A985300681141 /* Release */ = {
			isa = XCBuildConfiguration;
			buildSettings = {
				ALWAYS_SEARCH_USER_PATHS = NO;
				CLANG_ANALYZER_NONNULL = YES;
				CLANG_ANALYZER_NUMBER_OBJECT_CONVERSION = YES_AGGRESSIVE;
				CLANG_CXX_LANGUAGE_STANDARD = "gnu++17";
				CLANG_CXX_LIBRARY = "libc++";
				CLANG_ENABLE_MODULES = YES;
				CLANG_ENABLE_OBJC_ARC = YES;
				CLANG_ENABLE_OBJC_WEAK = YES;
				CLANG_WARN_BLOCK_CAPTURE_AUTORELEASING = YES;
				CLANG_WARN_BOOL_CONVERSION = YES;
				CLANG_WARN_COMMA = YES;
				CLANG_WARN_CONSTANT_CONVERSION = YES;
				CLANG_WARN_DEPRECATED_OBJC_IMPLEMENTATIONS = YES;
				CLANG_WARN_DIRECT_OBJC_ISA_USAGE = YES_ERROR;
				CLANG_WARN_DOCUMENTATION_COMMENTS = YES;
				CLANG_WARN_EMPTY_BODY = YES;
				CLANG_WARN_ENUM_CONVERSION = YES;
				CLANG_WARN_INFINITE_RECURSION = YES;
				CLANG_WARN_INT_CONVERSION = YES;
				CLANG_WARN_NON_LITERAL_NULL_CONVERSION = YES;
				CLANG_WARN_OBJC_IMPLICIT_RETAIN_SELF = YES;
				CLANG_WARN_OBJC_LITERAL_CONVERSION = YES;
				CLANG_WARN_OBJC_ROOT_CLASS = YES_ERROR;
				CLANG_WARN_QUOTED_INCLUDE_IN_FRAMEWORK_HEADER = YES;
				CLANG_WARN_RANGE_LOOP_ANALYSIS = YES;
				CLANG_WARN_STRICT_PROTOTYPES = YES;
				CLANG_WARN_SUSPICIOUS_MOVE = YES;
				CLANG_WARN_UNGUARDED_AVAILABILITY = YES_AGGRESSIVE;
				CLANG_WARN_UNREACHABLE_CODE = YES;
				CLANG_WARN__DUPLICATE_METHOD_MATCH = YES;
				COPY_PHASE_STRIP = NO;
				DEBUG_INFORMATION_FORMAT = "dwarf-with-dsym";
				ENABLE_NS_ASSERTIONS = NO;
				ENABLE_STRICT_OBJC_MSGSEND = YES;
				GCC_C_LANGUAGE_STANDARD = gnu11;
				GCC_NO_COMMON_BLOCKS = YES;
				GCC_WARN_64_TO_32_BIT_CONVERSION = YES;
				GCC_WARN_ABOUT_RETURN_TYPE = YES_ERROR;
				GCC_WARN_UNDECLARED_SELECTOR = YES;
				GCC_WARN_UNINITIALIZED_AUTOS = YES_AGGRESSIVE;
				GCC_WARN_UNUSED_FUNCTION = YES;
				GCC_WARN_UNUSED_VARIABLE = YES;
				IPHONEOS_DEPLOYMENT_TARGET = 15.0;
				MTL_ENABLE_DEBUG_INFO = NO;
				MTL_FAST_MATH = YES;
				SDKROOT = iphoneos;
				SWIFT_COMPILATION_MODE = wholemodule;
				SWIFT_OPTIMIZATION_LEVEL = "-O";
				VALIDATE_PRODUCT = YES;
			};
			name = Release;
		};
		0BEB9013276A985300681141 /* Debug */ = {
			isa = XCBuildConfiguration;
			buildSettings = {
				ASSETCATALOG_COMPILER_APPICON_NAME = AppIcon;
				ASSETCATALOG_COMPILER_GLOBAL_ACCENT_COLOR_NAME = AccentColor;
				CODE_SIGN_STYLE = Automatic;
				CURRENT_PROJECT_VERSION = 3;
				DEVELOPMENT_ASSET_PATHS = "\"DogFacts/Preview Content\"";
				DEVELOPMENT_TEAM = 6D67QSRGWX;
				ENABLE_PREVIEWS = YES;
				GENERATE_INFOPLIST_FILE = YES;
				INFOPLIST_KEY_UIApplicationSceneManifest_Generation = YES;
				INFOPLIST_KEY_UIApplicationSupportsIndirectInputEvents = YES;
				INFOPLIST_KEY_UILaunchScreen_Generation = YES;
				INFOPLIST_KEY_UISupportedInterfaceOrientations = UIInterfaceOrientationPortrait;
				INFOPLIST_KEY_UISupportedInterfaceOrientations_iPad = "UIInterfaceOrientationPortrait UIInterfaceOrientationPortraitUpsideDown UIInterfaceOrientationLandscapeLeft UIInterfaceOrientationLandscapeRight";
				INFOPLIST_KEY_UISupportedInterfaceOrientations_iPhone = "UIInterfaceOrientationPortrait UIInterfaceOrientationLandscapeLeft UIInterfaceOrientationLandscapeRight";
				LD_RUNPATH_SEARCH_PATHS = (
					"$(inherited)",
					"@executable_path/Frameworks",
				);
				MARKETING_VERSION = 1.0;
				PRODUCT_BUNDLE_IDENTIFIER = com.albertoJuarbe.DogFacts;
				PRODUCT_NAME = "$(TARGET_NAME)";
				SWIFT_EMIT_LOC_STRINGS = YES;
				SWIFT_VERSION = 5.0;
				TARGETED_DEVICE_FAMILY = "1,2";
			};
			name = Debug;
		};
		0BEB9014276A985300681141 /* Release */ = {
			isa = XCBuildConfiguration;
			buildSettings = {
				ASSETCATALOG_COMPILER_APPICON_NAME = AppIcon;
				ASSETCATALOG_COMPILER_GLOBAL_ACCENT_COLOR_NAME = AccentColor;
				CODE_SIGN_STYLE = Automatic;
				CURRENT_PROJECT_VERSION = 3;
				DEVELOPMENT_ASSET_PATHS = "\"DogFacts/Preview Content\"";
				DEVELOPMENT_TEAM = 6D67QSRGWX;
				ENABLE_PREVIEWS = YES;
				GENERATE_INFOPLIST_FILE = YES;
				INFOPLIST_KEY_UIApplicationSceneManifest_Generation = YES;
				INFOPLIST_KEY_UIApplicationSupportsIndirectInputEvents = YES;
				INFOPLIST_KEY_UILaunchScreen_Generation = YES;
				INFOPLIST_KEY_UISupportedInterfaceOrientations = UIInterfaceOrientationPortrait;
				INFOPLIST_KEY_UISupportedInterfaceOrientations_iPad = "UIInterfaceOrientationPortrait UIInterfaceOrientationPortraitUpsideDown UIInterfaceOrientationLandscapeLeft UIInterfaceOrientationLandscapeRight";
				INFOPLIST_KEY_UISupportedInterfaceOrientations_iPhone = "UIInterfaceOrientationPortrait UIInterfaceOrientationLandscapeLeft UIInterfaceOrientationLandscapeRight";
				LD_RUNPATH_SEARCH_PATHS = (
					"$(inherited)",
					"@executable_path/Frameworks",
				);
				MARKETING_VERSION = 1.0;
				PRODUCT_BUNDLE_IDENTIFIER = com.albertoJuarbe.DogFacts;
				PRODUCT_NAME = "$(TARGET_NAME)";
				SWIFT_EMIT_LOC_STRINGS = YES;
				SWIFT_VERSION = 5.0;
				TARGETED_DEVICE_FAMILY = "1,2";
			};
			name = Release;
		};
/* End XCBuildConfiguration section */

/* Begin XCConfigurationList section */
		0BEB8FFF276A985200681141 /* Build configuration list for PBXProject "DogFacts" */ = {
			isa = XCConfigurationList;
			buildConfigurations = (
				0BEB9010276A985300681141 /* Debug */,
				0BEB9011276A985300681141 /* Release */,
			);
			defaultConfigurationIsVisible = 0;
			defaultConfigurationName = Release;
		};
		0BEB9012276A985300681141 /* Build configuration list for PBXNativeTarget "DogFacts" */ = {
			isa = XCConfigurationList;
			buildConfigurations = (
				0BEB9013276A985300681141 /* Debug */,
				0BEB9014276A985300681141 /* Release */,
			);
			defaultConfigurationIsVisible = 0;
			defaultConfigurationName = Release;
		};
/* End XCConfigurationList section */
	};
	rootObject = 0BEB8FFC276A985200681141 /* Project object */;
}
